
Microsoft Visual Studio Solution File, Format Version 12.00
# Visual Studio Version 17
VisualStudioVersion = 17.6.33723.286
MinimumVisualStudioVersion = 10.0.40219.1
Project("{FAE04EC0-301F-11D3-BF4B-00C04F79EFBC}") = "Log4NetExample", "Log4NetExample\Log4NetExample.csproj", "{6EB01840-BD48-4B5A-BF93-C9AF55364BFC}"
EndProject
Global
	GlobalSection(SolutionConfigurationPlatforms) = preSolution
		Debug|Any CPU = Debug|Any CPU
		Release|Any CPU = Release|Any CPU
	EndGlobalSection
	GlobalSection(ProjectConfigurationPlatforms) = postSolution
		{6EB01840-BD48-4B5A-BF93-C9AF55364BFC}.Debug|Any CPU.ActiveCfg = Debug|Any CPU
		{6EB01840-BD48-4B5A-BF93-C9AF55364BFC}.Debug|Any CPU.Build.0 = Debug|Any CPU
		{6EB01840-BD48-4B5A-BF93-C9AF55364BFC}.Release|Any CPU.ActiveCfg = Release|Any CPU
		{6EB01840-BD48-4B5A-BF93-C9AF55364BFC}.Release|Any CPU.Build.0 = Release|Any CPU
	EndGlobalSection
	GlobalSection(SolutionProperties) = preSolution
		HideSolutionNode = FALSE
	EndGlobalSection
	GlobalSection(ExtensibilityGlobals) = postSolution
		SolutionGuid = {3641FB6A-62CC-4879-90FB-AD861EF56558}
	EndGlobalSection
EndGlobal
